
Microsoft Visual Studio Solution File, Format Version 12.00
# Visual Studio Version 17
VisualStudioVersion = 17.4.33213.308
MinimumVisualStudioVersion = 10.0.40219.1
Project("{FAE04EC0-301F-11D3-BF4B-00C04F79EFBC}") = "MiddlewareExample", "MiddlewareExample\MiddlewareExample.csproj", "{1292833C-B568-4DEB-AF11-A7E6DC9B7C2D}"
EndProject
Global
	GlobalSection(SolutionConfigurationPlatforms) = preSolution
		Debug|Any CPU = Debug|Any CPU
		Release|Any CPU = Release|Any CPU
	EndGlobalSection
	GlobalSection(ProjectConfigurationPlatforms) = postSolution
		{1292833C-B568-4DEB-AF11-A7E6DC9B7C2D}.Debug|Any CPU.ActiveCfg = Debug|Any CPU
		{1292833C-B568-4DEB-AF11-A7E6DC9B7C2D}.Debug|Any CPU.Build.0 = Debug|Any CPU
		{1292833C-B568-4DEB-AF11-A7E6DC9B7C2D}.Release|Any CPU.ActiveCfg = Release|Any CPU
		{1292833C-B568-4DEB-AF11-A7E6DC9B7C2D}.Release|Any CPU.Build.0 = Release|Any CPU
	EndGlobalSection
	GlobalSection(SolutionProperties) = preSolution
		HideSolutionNode = FALSE
	EndGlobalSection
	GlobalSection(ExtensibilityGlobals) = postSolution
		SolutionGuid = {76037A04-21D9-4FE3-BBAE-10762AC02390}
	EndGlobalSection
EndGlobal
